Microsoft Visual Studio Solution File, Format Version 12.00
# Visual Studio 15
VisualStudioVersion = 15.0.27130.2003
MinimumVisualStudioVersion = 15.0.26124.0
Project("{2150E333-8FDC-42A3-9474-1A3956D46DE8}") = "src", "src", "{BC7A5035-7B92-41E4-A756-B4E4F4992490}"
EndProject
Project("{9A19103F-16F7-4668-BE54-9A1E7A4F7556}") = "Cmx.HourTrackerToExcel.App", "src\Cmx.HourTrackerToExcel.App\Cmx.HourTrackerToExcel.App.csproj", "{3BA5C3D3-40C6-425D-9806-FF0EC0902D75}"
EndProject
Project("{9A19103F-16F7-4668-BE54-9A1E7A4F7556}") = "Cmx.HourTrackerToExcel.Import", "src\Cmx.HourTrackerToExcel.Import\Cmx.HourTrackerToExcel.Import.csproj", "{21A6B1C2-700B-4863-90EE-93EA785F4AB0}"
EndProject
Project("{9A19103F-16F7-4668-BE54-9A1E7A4F7556}") = "Cmx.HourTrackerToExcel.Export", "src\Cmx.HourTrackerToExcel.Export\Cmx.HourTrackerToExcel.Export.csproj", "{D91A61E6-99C4-4589-8978-287C053E8B4B}"
EndProject
Project("{9A19103F-16F7-4668-BE54-9A1E7A4F7556}") = "Cmx.HourTrackerToExcel.Common", "src\Cmx.HourTrackerToExcel.Common\Cmx.HourTrackerToExcel.Common.csproj", "{B2410277-AF34-4F17-8F7E-0AA42B301AF1}"
EndProject
Project("{2150E333-8FDC-42A3-9474-1A3956D46DE8}") = "test", "test", "{06072F3A-DAEE-431D-BF2B-7FD12DB682FF}"
EndProject
Project("{9A19103F-16F7-4668-BE54-9A1E7A4F7556}") = "Cmx.HourTrackerToExcel.Import.Tests", "test\Cmx.HourTrackerToExcel.Import.Tests\Cmx.HourTrackerToExcel.Import.Tests.csproj", "{0F191140-96A4-49B3-87DF-4D9B176B7591}"
EndProject
Project("{9A19103F-16F7-4668-BE54-9A1E7A4F7556}") = "Cmx.HourTrackerToExcel.TestUtils", "test\Cmx.HourTrackerToExcel.TestUtils\Cmx.HourTrackerToExcel.TestUtils.csproj", "{8F4A4875-D6A2-4FDB-A2D0-FDD152FDF3DB}"
EndProject
Project("{9A19103F-16F7-4668-BE54-9A1E7A4F7556}") = "Cmx.HourTrackerToExcel.Mappers.Tests", "test\Cmx.HourTrackerToExcel.Mappers.Tests\Cmx.HourTrackerToExcel.Mappers.Tests.csproj", "{FEB47F84-C933-4335-9283-666E71926CE0}"
EndProject
Project("{9A19103F-16F7-4668-BE54-9A1E7A4F7556}") = "Cmx.HourTrackerToExcel.Models", "src\Cmx.HourTrackerToExcel.Models\Cmx.HourTrackerToExcel.Models.csproj", "{876EB434-9246-48F1-8CB9-178CEAA21576}"
EndProject
Project("{9A19103F-16F7-4668-BE54-9A1E7A4F7556}") = "Cmx.HourTrackerToExcel.Export.Tests", "test\Cmx.HourTrackerToExcel.Export.Tests\Cmx.HourTrackerToExcel.Export.Tests.csproj", "{2CE87D7D-F5C5-40A8-BCFD-FFCA0E38E81E}"
EndProject
Project("{9A19103F-16F7-4668-BE54-9A1E7A4F7556}") = "Cmx.HourTrackerToExcel.Mappers", "src\Cmx.HourTrackerToExcel.Mappers\Cmx.HourTrackerToExcel.Mappers.csproj", "{23844875-6445-4772-994B-A4903CF3D8CC}"
EndProject
Global
	GlobalSection(SolutionConfigurationPlatforms) = preSolution
		Debug|Any CPU = Debug|Any CPU
		Debug|x64 = Debug|x64
		Debug|x86 = Debug|x86
		Release|Any CPU = Release|Any CPU
		Release|x64 = Release|x64
		Release|x86 = Release|x86
	EndGlobalSection
	GlobalSection(ProjectConfigurationPlatforms) = postSolution
		{3BA5C3D3-40C6-425D-9806-FF0EC0902D75}.Debug|Any CPU.ActiveCfg = Debug|Any CPU
		{3BA5C3D3-40C6-425D-9806-FF0EC0902D75}.Debug|Any CPU.Build.0 = Debug|Any CPU
		{3BA5C3D3-40C6-425D-9806-FF0EC0902D75}.Debug|x64.ActiveCfg = Debug|Any CPU
		{3BA5C3D3-40C6-425D-9806-FF0EC0902D75}.Debug|x64.Build.0 = Debug|Any CPU
		{3BA5C3D3-40C6-425D-9806-FF0EC0902D75}.Debug|x86.ActiveCfg = Debug|Any CPU
		{3BA5C3D3-40C6-425D-9806-FF0EC0902D75}.Debug|x86.Build.0 = Debug|Any CPU
		{3BA5C3D3-40C6-425D-9806-FF0EC0902D75}.Release|Any CPU.ActiveCfg = Release|Any CPU
		{3BA5C3D3-40C6-425D-9806-FF0EC0902D75}.Release|Any CPU.Build.0 = Release|Any CPU
		{3BA5C3D3-40C6-425D-9806-FF0EC0902D75}.Release|x64.ActiveCfg = Release|Any CPU
		{3BA5C3D3-40C6-425D-9806-FF0EC0902D75}.Release|x64.Build.0 = Release|Any CPU
		{3BA5C3D3-40C6-425D-9806-FF0EC0902D75}.Release|x86.ActiveCfg = Release|Any CPU
		{3BA5C3D3-40C6-425D-9806-FF0EC0902D75}.Release|x86.Build.0 = Release|Any CPU
		{21A6B1C2-700B-4863-90EE-93EA785F4AB0}.Debug|Any CPU.ActiveCfg = Debug|Any CPU
		{21A6B1C2-700B-4863-90EE-93EA785F4AB0}.Debug|Any CPU.Build.0 = Debug|Any CPU
		{21A6B1C2-700B-4863-90EE-93EA785F4AB0}.Debug|x64.ActiveCfg = Debug|Any CPU
		{21A6B1C2-700B-4863-90EE-93EA785F4AB0}.Debug|x64.Build.0 = Debug|Any CPU
		{21A6B1C2-700B-4863-90EE-93EA785F4AB0}.Debug|x86.ActiveCfg = Debug|Any CPU
		{21A6B1C2-700B-4863-90EE-93EA785F4AB0}.Debug|x86.Build.0 = Debug|Any CPU
		{21A6B1C2-700B-4863-90EE-93EA785F4AB0}.Release|Any CPU.ActiveCfg = Release|Any CPU
		{21A6B1C2-700B-4863-90EE-93EA785F4AB0}.Release|Any CPU.Build.0 = Release|Any CPU
		{21A6B1C2-700B-4863-90EE-93EA785F4AB0}.Release|x64.ActiveCfg = Release|Any CPU
		{21A6B1C2-700B-4863-90EE-93EA785F4AB0}.Release|x64.Build.0 = Release|Any CPU
		{21A6B1C2-700B-4863-90EE-93EA785F4AB0}.Release|x86.ActiveCfg = Release|Any CPU
		{21A6B1C2-700B-4863-90EE-93EA785F4AB0}.Release|x86.Build.0 = Release|Any CPU
		{D91A61E6-99C4-4589-8978-287C053E8B4B}.Debug|Any CPU.ActiveCfg = Debug|Any CPU
		{D91A61E6-99C4-4589-8978-287C053E8B4B}.Debug|Any CPU.Build.0 = Debug|Any CPU
		{D91A61E6-99C4-4589-8978-287C053E8B4B}.Debug|x64.ActiveCfg = Debug|Any CPU
		{D91A61E6-99C4-4589-8978-287C053E8B4B}.Debug|x64.Build.0 = Debug|Any CPU
		{D91A61E6-99C4-4589-8978-287C053E8B4B}.Debug|x86.ActiveCfg = Debug|Any CPU
		{D91A61E6-99C4-4589-8978-287C053E8B4B}.Debug|x86.Build.0 = Debug|Any CPU
		{D91A61E6-99C4-4589-8978-287C053E8B4B}.Release|Any CPU.ActiveCfg = Release|Any CPU
		{D91A61E6-99C4-4589-8978-287C053E8B4B}.Release|Any CPU.Build.0 = Release|Any CPU
		{D91A61E6-99C4-4589-8978-287C053E8B4B}.Release|x64.ActiveCfg = Release|Any CPU
		{D91A61E6-99C4-4589-8978-287C053E8B4B}.Release|x64.Build.0 = Release|Any CPU
		{D91A61E6-99C4-4589-8978-287C053E8B4B}.Release|x86.ActiveCfg = Release|Any CPU
		{D91A61E6-99C4-4589-8978-287C053E8B4B}.Release|x86.Build.0 = Release|Any CPU
		{B2410277-AF34-4F17-8F7E-0AA42B301AF1}.Debug|Any CPU.ActiveCfg = Debug|Any CPU
		{B2410277-AF34-4F17-8F7E-0AA42B301AF1}.Debug|Any CPU.Build.0 = Debug|Any CPU
		{B2410277-AF34-4F17-8F7E-0AA42B301AF1}.Debug|x64.ActiveCfg = Debug|Any CPU
		{B2410277-AF34-4F17-8F7E-0AA42B301AF1}.Debug|x64.Build.0 = Debug|Any CPU
		{B2410277-AF34-4F17-8F7E-0AA42B301AF1}.Debug|x86.ActiveCfg = Debug|Any CPU
		{B2410277-AF34-4F17-8F7E-0AA42B301AF1}.Debug|x86.Build.0 = Debug|Any CPU
		{B2410277-AF34-4F17-8F7E-0AA42B301AF1}.Release|Any CPU.ActiveCfg = Release|Any CPU
		{B2410277-AF34-4F17-8F7E-0AA42B301AF1}.Release|Any CPU.Build.0 = Release|Any CPU
		{B2410277-AF34-4F17-8F7E-0AA42B301AF1}.Release|x64.ActiveCfg = Release|Any CPU
		{B2410277-AF34-4F17-8F7E-0AA42B301AF1}.Release|x64.Build.0 = Release|Any CPU
		{B2410277-AF34-4F17-8F7E-0AA42B301AF1}.Release|x86.ActiveCfg = Release|Any CPU
		{B2410277-AF34-4F17-8F7E-0AA42B301AF1}.Release|x86.Build.0 = Release|Any CPU
		{0F191140-96A4-49B3-87DF-4D9B176B7591}.Debug|Any CPU.ActiveCfg = Debug|Any CPU
		{0F191140-96A4-49B3-87DF-4D9B176B7591}.Debug|Any CPU.Build.0 = Debug|Any CPU
		{0F191140-96A4-49B3-87DF-4D9B176B7591}.Debug|x64.ActiveCfg = Debug|Any CPU
		{0F191140-96A4-49B3-87DF-4D9B176B7591}.Debug|x64.Build.0 = Debug|Any CPU
		{0F191140-96A4-49B3-87DF-4D9B176B7591}.Debug|x86.ActiveCfg = Debug|Any CPU
		{0F191140-96A4-49B3-87DF-4D9B176B7591}.Debug|x86.Build.0 = Debug|Any CPU
		{0F191140-96A4-49B3-87DF-4D9B176B7591}.Release|Any CPU.ActiveCfg = Release|Any CPU
		{0F191140-96A4-49B3-87DF-4D9B176B7591}.Release|Any CPU.Build.0 = Release|Any CPU
		{0F191140-96A4-49B3-87DF-4D9B176B7591}.Release|x64.ActiveCfg = Release|Any CPU
		{0F191140-96A4-49B3-87DF-4D9B176B7591}.Release|x64.Build.0 = Release|Any CPU
		{0F191140-96A4-49B3-87DF-4D9B176B7591}.Release|x86.ActiveCfg = Release|Any CPU
		{0F191140-96A4-49B3-87DF-4D9B176B7591}.Release|x86.Build.0 = Release|Any CPU
		{8F4A4875-D6A2-4FDB-A2D0-FDD152FDF3DB}.Debug|Any CPU.ActiveCfg = Debug|Any CPU
		{8F4A4875-D6A2-4FDB-A2D0-FDD152FDF3DB}.Debug|Any CPU.Build.0 = Debug|Any CPU
		{8F4A4875-D6A2-4FDB-A2D0-FDD152FDF3DB}.Debug|x64.ActiveCfg = Debug|Any CPU
		{8F4A4875-D6A2-4FDB-A2D0-FDD152FDF3DB}.Debug|x64.Build.0 = Debug|Any CPU
		{8F4A4875-D6A2-4FDB-A2D0-FDD152FDF3DB}.Debug|x86.ActiveCfg = Debug|Any CPU
		{8F4A4875-D6A2-4FDB-A2D0-FDD152FDF3DB}.Debug|x86.Build.0 = Debug|Any CPU
		{8F4A4875-D6A2-4FDB-A2D0-FDD152FDF3DB}.Release|Any CPU.ActiveCfg = Release|Any CPU
		{8F4A4875-D6A2-4FDB-A2D0-FDD152FDF3DB}.Release|Any CPU.Build.0 = Release|Any CPU
		{8F4A4875-D6A2-4FDB-A2D0-FDD152FDF3DB}.Release|x64.ActiveCfg = Release|Any CPU
		{8F4A4875-D6A2-4FDB-A2D0-FDD152FDF3DB}.Release|x64.Build.0 = Release|Any CPU
		{8F4A4875-D6A2-4FDB-A2D0-FDD152FDF3DB}.Release|x86.ActiveCfg = Release|Any CPU
		{8F4A4875-D6A2-4FDB-A2D0-FDD152FDF3DB}.Release|x86.Build.0 = Release|Any CPU
		{FEB47F84-C933-4335-9283-666E71926CE0}.Debug|Any CPU.ActiveCfg = Debug|Any CPU
		{FEB47F84-C933-4335-9283-666E71926CE0}.Debug|Any CPU.Build.0 = Debug|Any CPU
		{FEB47F84-C933-4335-9283-666E71926CE0}.Debug|x64.ActiveCfg = Debug|Any CPU
		{FEB47F84-C933-4335-9283-666E71926CE0}.Debug|x64.Build.0 = Debug|Any CPU
		{FEB47F84-C933-4335-9283-666E71926CE0}.Debug|x86.ActiveCfg = Debug|Any CPU
		{FEB47F84-C933-4335-9283-666E71926CE0}.Debug|x86.Build.0 = Debug|Any CPU
		{FEB47F84-C933-4335-9283-666E71926CE0}.Release|Any CPU.ActiveCfg = Release|Any CPU
		{FEB47F84-C933-4335-9283-666E71926CE0}.Release|Any CPU.Build.0 = Release|Any CPU
		{FEB47F84-C933-4335-9283-666E71926CE0}.Release|x64.ActiveCfg = Release|Any CPU
		{FEB47F84-C933-4335-9283-666E71926CE0}.Release|x64.Build.0 = Release|Any CPU
		{FEB47F84-C933-4335-9283-666E71926CE0}.Release|x86.ActiveCfg = Release|Any CPU
		{FEB47F84-C933-4335-9283-666E71926CE0}.Release|x86.Build.0 = Release|Any CPU
		{876EB434-9246-48F1-8CB9-178CEAA21576}.Debug|Any CPU.ActiveCfg = Debug|Any CPU
		{876EB434-9246-48F1-8CB9-178CEAA21576}.Debug|Any CPU.Build.0 = Debug|Any CPU
		{876EB434-9246-48F1-8CB9-178CEAA21576}.Debug|x64.ActiveCfg = Debug|Any CPU
		{876EB434-9246-48F1-8CB9-178CEAA21576}.Debug|x64.Build.0 = Debug|Any CPU
		{876EB434-9246-48F1-8CB9-178CEAA21576}.Debug|x86.ActiveCfg = Debug|Any CPU
		{876EB434-9246-48F1-8CB9-178CEAA21576}.Debug|x86.Build.0 = Debug|Any CPU
		{876EB434-9246-48F1-8CB9-178CEAA21576}.Release|Any CPU.ActiveCfg = Release|Any CPU
		{876EB434-9246-48F1-8CB9-178CEAA21576}.Release|Any CPU.Build.0 = Release|Any CPU
		{876EB434-9246-48F1-8CB9-178CEAA21576}.Release|x64.ActiveCfg = Release|Any CPU
		{876EB434-9246-48F1-8CB9-178CEAA21576}.Release|x64.Build.0 = Release|Any CPU
		{876EB434-9246-48F1-8CB9-178CEAA21576}.Release|x86.ActiveCfg = Release|Any CPU
		{876EB434-9246-48F1-8CB9-178CEAA21576}.Release|x86.Build.0 = Release|Any CPU
		{2CE87D7D-F5C5-40A8-BCFD-FFCA0E38E81E}.Debug|Any CPU.ActiveCfg = Debug|Any CPU
		{2CE87D7D-F5C5-40A8-BCFD-FFCA0E38E81E}.Debug|Any CPU.Build.0 = Debug|Any CPU
		{2CE87D7D-F5C5-40A8-BCFD-FFCA0E38E81E}.Debug|x64.ActiveCfg = Debug|Any CPU
		{2CE87D7D-F5C5-40A8-BCFD-FFCA0E38E81E}.Debug|x64.Build.0 = Debug|Any CPU
		{2CE87D7D-F5C5-40A8-BCFD-FFCA0E38E81E}.Debug|x86.ActiveCfg = Debug|Any CPU
		{2CE87D7D-F5C5-40A8-BCFD-FFCA0E38E81E}.Debug|x86.Build.0 = Debug|Any CPU
		{2CE87D7D-F5C5-40A8-BCFD-FFCA0E38E81E}.Release|Any CPU.ActiveCfg = Release|Any CPU
		{2CE87D7D-F5C5-40A8-BCFD-FFCA0E38E81E}.Release|Any CPU.Build.0 = Release|Any CPU
		{2CE87D7D-F5C5-40A8-BCFD-FFCA0E38E81E}.Release|x64.ActiveCfg = Release|Any CPU
		{2CE87D7D-F5C5-40A8-BCFD-FFCA0E38E81E}.Release|x64.Build.0 = Release|Any CPU
		{2CE87D7D-F5C5-40A8-BCFD-FFCA0E38E81E}.Release|x86.ActiveCfg = Release|Any CPU
		{2CE87D7D-F5C5-40A8-BCFD-FFCA0E38E81E}.Release|x86.Build.0 = Release|Any CPU
		{23844875-6445-4772-994B-A4903CF3D8CC}.Debug|Any CPU.ActiveCfg = Debug|Any CPU
		{23844875-6445-4772-994B-A4903CF3D8CC}.Debug|Any CPU.Build.0 = Debug|Any CPU
		{23844875-6445-4772-994B-A4903CF3D8CC}.Debug|x64.ActiveCfg = Debug|Any CPU
		{23844875-6445-4772-994B-A4903CF3D8CC}.Debug|x64.Build.0 = Debug|Any CPU
		{23844875-6445-4772-994B-A4903CF3D8CC}.Debug|x86.ActiveCfg = Debug|Any CPU
		{23844875-6445-4772-994B-A4903CF3D8CC}.Debug|x86.Build.0 = Debug|Any CPU
		{23844875-6445-4772-994B-A4903CF3D8CC}.Release|Any CPU.ActiveCfg = Release|Any CPU
		{23844875-6445-4772-994B-A4903CF3D8CC}.Release|Any CPU.Build.0 = Release|Any CPU
		{23844875-6445-4772-994B-A4903CF3D8CC}.Release|x64.ActiveCfg = Release|Any CPU
		{23844875-6445-4772-994B-A4903CF3D8CC}.Release|x64.Build.0 = Release|Any CPU
		{23844875-6445-4772-994B-A4903CF3D8CC}.Release|x86.ActiveCfg = Release|Any CPU
		{23844875-6445-4772-994B-A4903CF3D8CC}.Release|x86.Build.0 = Release|Any CPU
	EndGlobalSection
	GlobalSection(SolutionProperties) = preSolution
		HideSolutionNode = FALSE
	EndGlobalSection
	GlobalSection(NestedProjects) = preSolution
		{3BA5C3D3-40C6-425D-9806-FF0EC0902D75} = {BC7A5035-7B92-41E4-A756-B4E4F4992490}
		{21A6B1C2-700B-4863-90EE-93EA785F4AB0} = {BC7A5035-7B92-41E4-A756-B4E4F4992490}
		{D91A61E6-99C4-4589-8978-287C053E8B4B} = {BC7A5035-7B92-41E4-A756-B4E4F4992490}
		{B2410277-AF34-4F17-8F7E-0AA42B301AF1} = {BC7A5035-7B92-41E4-A756-B4E4F4992490}
		{0F191140-96A4-49B3-87DF-4D9B176B7591} = {06072F3A-DAEE-431D-BF2B-7FD12DB682FF}
		{8F4A4875-D6A2-4FDB-A2D0-FDD152FDF3DB} = {06072F3A-DAEE-431D-BF2B-7FD12DB682FF}
		{FEB47F84-C933-4335-9283-666E71926CE0} = {06072F3A-DAEE-431D-BF2B-7FD12DB682FF}
		{876EB434-9246-48F1-8CB9-178CEAA21576} = {BC7A5035-7B92-41E4-A756-B4E4F4992490}
		{2CE87D7D-F5C5-40A8-BCFD-FFCA0E38E81E} = {06072F3A-DAEE-431D-BF2B-7FD12DB682FF}
		{23844875-6445-4772-994B-A4903CF3D8CC} = {BC7A5035-7B92-41E4-A756-B4E4F4992490}
	EndGlobalSection
	GlobalSection(ExtensibilityGlobals) = postSolution
		SolutionGuid = {DE70491B-A4FA-40E8-847C-4E77D26184FB}
	EndGlobalSection
EndGlobal
